
Microsoft Visual Studio Solution File, Format Version 12.00
# Visual Studio 15
VisualStudioVersion = 15.0.28307.572
MinimumVisualStudioVersion = 10.0.40219.1
Project("{9A19103F-16F7-4668-BE54-9A1E7A4F7556}") = "WyHash", "src\WyHash\WyHash.csproj", "{69118A2D-29D8-41FA-9885-49B36C1738DB}"
EndProject
Project("{9A19103F-16F7-4668-BE54-9A1E7A4F7556}") = "UnitTests", "test\UnitTests\UnitTests.csproj", "{FE41E25E-9D0C-48F0-B82B-061FC2B061B0}"
EndProject
Project("{9A19103F-16F7-4668-BE54-9A1E7A4F7556}") = "Benchmarks", "test\Benchmarks\Benchmarks.csproj", "{7B11DE4A-F3D1-47CD-B016-6C1A8D6A0A25}"
EndProject
Project("{8BC9CEB8-8B4A-11D0-8D11-00A0C91BC942}") = "WyHash.Native", "src\WyHash.Native\WyHash.Native.vcxproj", "{3EF1EE7B-FEB5-485C-B3F1-CF849EC9F17F}"
EndProject
Global
	GlobalSection(SolutionConfigurationPlatforms) = preSolution
		Debug|Any CPU = Debug|Any CPU
		Debug|x64 = Debug|x64
		Debug|x86 = Debug|x86
		Release|Any CPU = Release|Any CPU
		Release|x64 = Release|x64
		Release|x86 = Release|x86
	EndGlobalSection
	GlobalSection(ProjectConfigurationPlatforms) = postSolution
		{69118A2D-29D8-41FA-9885-49B36C1738DB}.Debug|Any CPU.ActiveCfg = Debug|Any CPU
		{69118A2D-29D8-41FA-9885-49B36C1738DB}.Debug|Any CPU.Build.0 = Debug|Any CPU
		{69118A2D-29D8-41FA-9885-49B36C1738DB}.Debug|x64.ActiveCfg = Debug|Any CPU
		{69118A2D-29D8-41FA-9885-49B36C1738DB}.Debug|x64.Build.0 = Debug|Any CPU
		{69118A2D-29D8-41FA-9885-49B36C1738DB}.Debug|x86.ActiveCfg = Debug|Any CPU
		{69118A2D-29D8-41FA-9885-49B36C1738DB}.Debug|x86.Build.0 = Debug|Any CPU
		{69118A2D-29D8-41FA-9885-49B36C1738DB}.Release|Any CPU.ActiveCfg = Release|Any CPU
		{69118A2D-29D8-41FA-9885-49B36C1738DB}.Release|Any CPU.Build.0 = Release|Any CPU
		{69118A2D-29D8-41FA-9885-49B36C1738DB}.Release|x64.ActiveCfg = Release|Any CPU
		{69118A2D-29D8-41FA-9885-49B36C1738DB}.Release|x64.Build.0 = Release|Any CPU
		{69118A2D-29D8-41FA-9885-49B36C1738DB}.Release|x86.ActiveCfg = Release|Any CPU
		{69118A2D-29D8-41FA-9885-49B36C1738DB}.Release|x86.Build.0 = Release|Any CPU
		{FE41E25E-9D0C-48F0-B82B-061FC2B061B0}.Debug|Any CPU.ActiveCfg = Debug|Any CPU
		{FE41E25E-9D0C-48F0-B82B-061FC2B061B0}.Debug|Any CPU.Build.0 = Debug|Any CPU
		{FE41E25E-9D0C-48F0-B82B-061FC2B061B0}.Debug|x64.ActiveCfg = Debug|Any CPU
		{FE41E25E-9D0C-48F0-B82B-061FC2B061B0}.Debug|x64.Build.0 = Debug|Any CPU
		{FE41E25E-9D0C-48F0-B82B-061FC2B061B0}.Debug|x86.ActiveCfg = Debug|Any CPU
		{FE41E25E-9D0C-48F0-B82B-061FC2B061B0}.Debug|x86.Build.0 = Debug|Any CPU
		{FE41E25E-9D0C-48F0-B82B-061FC2B061B0}.Release|Any CPU.ActiveCfg = Release|Any CPU
		{FE41E25E-9D0C-48F0-B82B-061FC2B061B0}.Release|Any CPU.Build.0 = Release|Any CPU
		{FE41E25E-9D0C-48F0-B82B-061FC2B061B0}.Release|x64.ActiveCfg = Release|Any CPU
		{FE41E25E-9D0C-48F0-B82B-061FC2B061B0}.Release|x64.Build.0 = Release|Any CPU
		{FE41E25E-9D0C-48F0-B82B-061FC2B061B0}.Release|x86.ActiveCfg = Release|Any CPU
		{FE41E25E-9D0C-48F0-B82B-061FC2B061B0}.Release|x86.Build.0 = Release|Any CPU
		{7B11DE4A-F3D1-47CD-B016-6C1A8D6A0A25}.Debug|Any CPU.ActiveCfg = Debug|Any CPU
		{7B11DE4A-F3D1-47CD-B016-6C1A8D6A0A25}.Debug|Any CPU.Build.0 = Debug|Any CPU
		{7B11DE4A-F3D1-47CD-B016-6C1A8D6A0A25}.Debug|x64.ActiveCfg = Debug|Any CPU
		{7B11DE4A-F3D1-47CD-B016-6C1A8D6A0A25}.Debug|x64.Build.0 = Debug|Any CPU
		{7B11DE4A-F3D1-47CD-B016-6C1A8D6A0A25}.Debug|x86.ActiveCfg = Debug|Any CPU
		{7B11DE4A-F3D1-47CD-B016-6C1A8D6A0A25}.Debug|x86.Build.0 = Debug|Any CPU
		{7B11DE4A-F3D1-47CD-B016-6C1A8D6A0A25}.Release|Any CPU.ActiveCfg = Release|Any CPU
		{7B11DE4A-F3D1-47CD-B016-6C1A8D6A0A25}.Release|Any CPU.Build.0 = Release|Any CPU
		{7B11DE4A-F3D1-47CD-B016-6C1A8D6A0A25}.Release|x64.ActiveCfg = Release|Any CPU
		{7B11DE4A-F3D1-47CD-B016-6C1A8D6A0A25}.Release|x64.Build.0 = Release|Any CPU
		{7B11DE4A-F3D1-47CD-B016-6C1A8D6A0A25}.Release|x86.ActiveCfg = Release|Any CPU
		{7B11DE4A-F3D1-47CD-B016-6C1A8D6A0A25}.Release|x86.Build.0 = Release|Any CPU
		{3EF1EE7B-FEB5-485C-B3F1-CF849EC9F17F}.Debug|Any CPU.ActiveCfg = Debug|Win32
		{3EF1EE7B-FEB5-485C-B3F1-CF849EC9F17F}.Debug|x64.ActiveCfg = Debug|x64
		{3EF1EE7B-FEB5-485C-B3F1-CF849EC9F17F}.Debug|x64.Build.0 = Debug|x64
		{3EF1EE7B-FEB5-485C-B3F1-CF849EC9F17F}.Debug|x86.ActiveCfg = Debug|Win32
		{3EF1EE7B-FEB5-485C-B3F1-CF849EC9F17F}.Debug|x86.Build.0 = Debug|Win32
		{3EF1EE7B-FEB5-485C-B3F1-CF849EC9F17F}.Release|Any CPU.ActiveCfg = Release|Win32
		{3EF1EE7B-FEB5-485C-B3F1-CF849EC9F17F}.Release|x64.ActiveCfg = Release|x64
		{3EF1EE7B-FEB5-485C-B3F1-CF849EC9F17F}.Release|x64.Build.0 = Release|x64
		{3EF1EE7B-FEB5-485C-B3F1-CF849EC9F17F}.Release|x86.ActiveCfg = Release|Win32
		{3EF1EE7B-FEB5-485C-B3F1-CF849EC9F17F}.Release|x86.Build.0 = Release|Win32
	EndGlobalSection
	GlobalSection(SolutionProperties) = preSolution
		HideSolutionNode = FALSE
	EndGlobalSection
	GlobalSection(ExtensibilityGlobals) = postSolution
		SolutionGuid = {DD38AE00-2EE6-41A5-A2A6-0FA0A361F1E8}
	EndGlobalSection
EndGlobal
